// !$*UTF8*$!
{
	archiveVersion = 1;
	classes = {
	};
	objectVersion = 56;
	objects = {

/* Begin PBXBuildFile section */
		30FEB2E02B8323A800C44AEC /* Week1PracticeApp.swift in Sources */ = {isa = PBXBuildFile; fileRef = 30FEB2DF2B8323A800C44AEC /* Week1PracticeApp.swift */; };
		30FEB2E22B8323A800C44AEC /* ContentView.swift in Sources */ = {isa = PBXBuildFile; fileRef = 30FEB2E12B8323A800C44AEC /* ContentView.swift */; };
		30FEB2E42B8323AB00C44AEC /* Assets.xcassets in Resources */ = {isa = PBXBuildFile; fileRef = 30FEB2E32B8323AB00C44AEC /* Assets.xcassets */; };
		30FEB2E72B8323AB00C44AEC /* Preview Assets.xcassets in Resources */ = {isa = PBXBuildFile; fileRef = 30FEB2E62B8323AB00C44AEC /* Preview Assets.xcassets */; };
		30FEB2F12B8323AB00C44AEC /* Week1PracticeTests.swift in Sources */ = {isa = PBXBuildFile; fileRef = 30FEB2F02B8323AB00C44AEC /* Week1PracticeTests.swift */; };
		30FEB2FB2B8323AB00C44AEC /* Week1PracticeUITests.swift in Sources */ = {isa = PBXBuildFile; fileRef = 30FEB2FA2B8323AB00C44AEC /* Week1PracticeUITests.swift */; };
		30FEB2FD2B8323AB00C44AEC /* Week1PracticeUITestsLaunchTests.swift in Sources */ = {isa = PBXBuildFile; fileRef = 30FEB2FC2B8323AB00C44AEC /* Week1PracticeUITestsLaunchTests.swift */; };
/* End PBXBuildFile section */

/* Begin PBXContainerItemProxy section */
		30FEB2ED2B8323AB00C44AEC /* PBXContainerItemProxy */ = {
			isa = PBXContainerItemProxy;
			containerPortal = 30FEB2D42B8323A800C44AEC /* Project object */;
			proxyType = 1;
			remoteGlobalIDString = 30FEB2DB2B8323A800C44AEC;
			remoteInfo = Week1Practice;
		};
		30FEB2F72B8323AB00C44AEC /* PBXContainerItemProxy */ = {
			isa = PBXContainerItemProxy;
			containerPortal = 30FEB2D42B8323A800C44AEC /* Project object */;
			proxyType = 1;
			remoteGlobalIDString = 30FEB2DB2B8323A800C44AEC;
			remoteInfo = Week1Practice;
		};
/* End PBXContainerItemProxy section */

/* Begin PBXFileReference section */
		30FEB2DC2B8323A800C44AEC /* Week1Practice.app */ = {isa = PBXFileReference; explicitFileType = wrapper.application; includeInIndex = 0; path = Week1Practice.app; sourceTree = BUILT_PRODUCTS_DIR; };
		30FEB2DF2B8323A800C44AEC /* Week1PracticeApp.swift */ = {isa = PBXFileReference; lastKnownFileType = sourcecode.swift; path = Week1PracticeApp.swift; sourceTree = "<group>"; };
		30FEB2E12B8323A800C44AEC /* ContentView.swift */ = {isa = PBXFileReference; lastKnownFileType = sourcecode.swift; path = ContentView.swift; sourceTree = "<group>"; };
		30FEB2E32B8323AB00C44AEC /* Assets.xcassets */ = {isa = PBXFileReference; lastKnownFileType = folder.assetcatalog; path = Assets.xcassets; sourceTree = "<group>"; };
		30FEB2E62B8323AB00C44AEC /* Preview Assets.xcassets */ = {isa = PBXFileReference; lastKnownFileType = folder.assetcatalog; path = "Preview Assets.xcassets"; sourceTree = "<group>"; };
		30FEB2EC2B8323AB00C44AEC /* Week1PracticeTests.xctest */ = {isa = PBXFileReference; explicitFileType = wrapper.cfbundle; includeInIndex = 0; path = Week1PracticeTests.xctest; sourceTree = BUILT_PRODUCTS_DIR; };
		30FEB2F02B8323AB00C44AEC /* Week1PracticeTests.swift */ = {isa = PBXFileReference; lastKnownFileType = sourcecode.swift; path = Week1PracticeTests.swift; sourceTree = "<group>"; };
		30FEB2F62B8323AB00C44AEC /* Week1PracticeUITests.xctest */ = {isa = PBXFileReference; explicitFileType = wrapper.cfbundle; includeInIndex = 0; path = Week1PracticeUITests.xctest; sourceTree = BUILT_PRODUCTS_DIR; };
		30FEB2FA2B8323AB00C44AEC /* Week1PracticeUITests.swift */ = {isa = PBXFileReference; lastKnownFileType = sourcecode.swift; path = Week1PracticeUITests.swift; sourceTree = "<group>"; };
		30FEB2FC2B8323AB00C44AEC /* Week1PracticeUITestsLaunchTests.swift */ = {isa = PBXFileReference; lastKnownFileType = sourcecode.swift; path = Week1PracticeUITestsLaunchTests.swift; sourceTree = "<group>"; };
/* End PBXFileReference section */

/* Begin PBXFrameworksBuildPhase section */
		30FEB2D92B8323A800C44AEC /* Frameworks */ = {
			isa = PBXFrameworksBuildPhase;
			buildActionMask = 2147483647;
			files = (
			);
			runOnlyForDeploymentPostprocessing = 0;
		};
		30FEB2E92B8323AB00C44AEC /* Frameworks */ = {
			isa = PBXFrameworksBuildPhase;
			buildActionMask = 2147483647;
			files = (
			);
			runOnlyForDeploymentPostprocessing = 0;
		};
		30FEB2F32B8323AB00C44AEC /* Frameworks */ = {
			isa = PBXFrameworksBuildPhase;
			buildActionMask = 2147483647;
			files = (
			);
			runOnlyForDeploymentPostprocessing = 0;
		};
/* End PBXFrameworksBuildPhase section */

/* Begin PBXGroup section */
		30FEB2D32B8323A800C44AEC = {
			isa = PBXGroup;
			children = (
				30FEB2DE2B8323A800C44AEC /* Week1Practice */,
				30FEB2EF2B8323AB00C44AEC /* Week1PracticeTests */,
				30FEB2F92B8323AB00C44AEC /* Week1PracticeUITests */,
				30FEB2DD2B8323A800C44AEC /* Products */,
			);
			sourceTree = "<group>";
		};
		30FEB2DD2B8323A800C44AEC /* Products */ = {
			isa = PBXGroup;
			children = (
				30FEB2DC2B8323A800C44AEC /* Week1Practice.app */,
				30FEB2EC2B8323AB00C44AEC /* Week1PracticeTests.xctest */,
				30FEB2F62B8323AB00C44AEC /* Week1PracticeUITests.xctest */,
			);
			name = Products;
			sourceTree = "<group>";
		};
		30FEB2DE2B8323A800C44AEC /* Week1Practice */ = {
			isa = PBXGroup;
			children = (
				30FEB2DF2B8323A800C44AEC /* Week1PracticeApp.swift */,
				30FEB2E12B8323A800C44AEC /* ContentView.swift */,
				30FEB2E32B8323AB00C44AEC /* Assets.xcassets */,
				30FEB2E52B8323AB00C44AEC /* Preview Content */,
			);
			path = Week1Practice;
			sourceTree = "<group>";
		};
		30FEB2E52B8323AB00C44AEC /* Preview Content */ = {
			isa = PBXGroup;
			children = (
				30FEB2E62B8323AB00C44AEC /* Preview Assets.xcassets */,
			);
			path = "Preview Content";
			sourceTree = "<group>";
		};
		30FEB2EF2B8323AB00C44AEC /* Week1PracticeTests */ = {
			isa = PBXGroup;
			children = (
				30FEB2F02B8323AB00C44AEC /* Week1PracticeTests.swift */,
			);
			path = Week1PracticeTests;
			sourceTree = "<group>";
		};
		30FEB2F92B8323AB00C44AEC /* Week1PracticeUITests */ = {
			isa = PBXGroup;
			children = (
				30FEB2FA2B8323AB00C44AEC /* Week1PracticeUITests.swift */,
				30FEB2FC2B8323AB00C44AEC /* Week1PracticeUITestsLaunchTests.swift */,
			);
			path = Week1PracticeUITests;
			sourceTree = "<group>";
		};
/* End PBXGroup section */

/* Begin PBXNativeTarget section */
		30FEB2DB2B8323A800C44AEC /* Week1Practice */ = {
			isa = PBXNativeTarget;
			buildConfigurationList = 30FEB3002B8323AB00C44AEC /* Build configuration list for PBXNativeTarget "Week1Practice" */;
			buildPhases = (
				30FEB2D82B8323A800C44AEC /* Sources */,
				30FEB2D92B8323A800C44AEC /* Frameworks */,
				30FEB2DA2B8323A800C44AEC /* Resources */,
			);
			buildRules = (
			);
			dependencies = (
			);
			name = Week1Practice;
			productName = Week1Practice;
			productReference = 30FEB2DC2B8323A800C44AEC /* Week1Practice.app */;
			productType = "com.apple.product-type.application";
		};
		30FEB2EB2B8323AB00C44AEC /* Week1PracticeTests */ = {
			isa = PBXNativeTarget;
			buildConfigurationList = 30FEB3032B8323AB00C44AEC /* Build configuration list for PBXNativeTarget "Week1PracticeTests" */;
			buildPhases = (
				30FEB2E82B8323AB00C44AEC /* Sources */,
				30FEB2E92B8323AB00C44AEC /* Frameworks */,
				30FEB2EA2B8323AB00C44AEC /* Resources */,
			);
			buildRules = (
			);
			dependencies = (
				30FEB2EE2B8323AB00C44AEC /* PBXTargetDependency */,
			);
			name = Week1PracticeTests;
			productName = Week1PracticeTests;
			productReference = 30FEB2EC2B8323AB00C44AEC /* Week1PracticeTests.xctest */;
			productType = "com.apple.product-type.bundle.unit-test";
		};
		30FEB2F52B8323AB00C44AEC /* Week1PracticeUITests */ = {
			isa = PBXNativeTarget;
			buildConfigurationList = 30FEB3062B8323AB00C44AEC /* Build configuration list for PBXNativeTarget "Week1PracticeUITests" */;
			buildPhases = (
				30FEB2F22B8323AB00C44AEC /* Sources */,
				30FEB2F32B8323AB00C44AEC /* Frameworks */,
				30FEB2F42B8323AB00C44AEC /* Resources */,
			);
			buildRules = (
			);
			dependencies = (
				30FEB2F82B8323AB00C44AEC /* PBXTargetDependency */,
			);
			name = Week1PracticeUITests;
			productName = Week1PracticeUITests;
			productReference = 30FEB2F62B8323AB00C44AEC /* Week1PracticeUITests.xctest */;
			productType = "com.apple.product-type.bundle.ui-testing";
		};
/* End PBXNativeTarget section */

/* Begin PBXProject section */
		30FEB2D42B8323A800C44AEC /* Project object */ = {
			isa = PBXProject;
			attributes = {
				BuildIndependentTargetsInParallel = 1;
				LastSwiftUpdateCheck = 1520;
				LastUpgradeCheck = 1520;
				TargetAttributes = {
					30FEB2DB2B8323A800C44AEC = {
						CreatedOnToolsVersion = 15.2;
					};
					30FEB2EB2B8323AB00C44AEC = {
						CreatedOnToolsVersion = 15.2;
						TestTargetID = 30FEB2DB2B8323A800C44AEC;
					};
					30FEB2F52B8323AB00C44AEC = {
						CreatedOnToolsVersion = 15.2;
						TestTargetID = 30FEB2DB2B8323A800C44AEC;
					};
				};
			};
			buildConfigurationList = 30FEB2D72B8323A800C44AEC /* Build configuration list for PBXProject "Week1Practice" */;
			compatibilityVersion = "Xcode 14.0";
			developmentRegion = en;
			hasScannedForEncodings = 0;
			knownRegions = (
				en,
				Base,
			);
			mainGroup = 30FEB2D32B8323A800C44AEC;
			productRefGroup = 30FEB2DD2B8323A800C44AEC /* Products */;
			projectDirPath = "";
			projectRoot = "";
			targets = (
				30FEB2DB2B8323A800C44AEC /* Week1Practice */,
				30FEB2EB2B8323AB00C44AEC /* Week1PracticeTests */,
				30FEB2F52B8323AB00C44AEC /* Week1PracticeUITests */,
			);
		};
/* End PBXProject section */

/* Begin PBXResourcesBuildPhase section */
		30FEB2DA2B8323A800C44AEC /* Resources */ = {
			isa = PBXResourcesBuildPhase;
			buildActionMask = 2147483647;
			files = (
				30FEB2E72B8323AB00C44AEC /* Preview Assets.xcassets in Resources */,
				30FEB2E42B8323AB00C44AEC /* Assets.xcassets in Resources */,
			);
			runOnlyForDeploymentPostprocessing = 0;
		};
		30FEB2EA2B8323AB00C44AEC /* Resources */ = {
			isa = PBXResourcesBuildPhase;
			buildActionMask = 2147483647;
			files = (
			);
			runOnlyForDeploymentPostprocessing = 0;
		};
		30FEB2F42B8323AB00C44AEC /* Resources */ = {
			isa = PBXResourcesBuildPhase;
			buildActionMask = 2147483647;
			files = (
			);
			runOnlyForDeploymentPostprocessing = 0;
		};
/* End PBXResourcesBuildPhase section */

/* Begin PBXSourcesBuildPhase section */
		30FEB2D82B8323A800C44AEC /* Sources */ = {
			isa = PBXSourcesBuildPhase;
			buildActionMask = 2147483647;
			files = (
				30FEB2E22B8323A800C44AEC /* ContentView.swift in Sources */,
				30FEB2E02B8323A800C44AEC /* Week1PracticeApp.swift in Sources */,
			);
			runOnlyForDeploymentPostprocessing = 0;
		};
		30FEB2E82B8323AB00C44AEC /* Sources */ = {
			isa = PBXSourcesBuildPhase;
			buildActionMask = 2147483647;
			files = (
				30FEB2F12B8323AB00C44AEC /* Week1PracticeTests.swift in Sources */,
			);
			runOnlyForDeploymentPostprocessing = 0;
		};
		30FEB2F22B8323AB00C44AEC /* Sources */ = {
			isa = PBXSourcesBuildPhase;
			buildActionMask = 2147483647;
			files = (
				30FEB2FB2B8323AB00C44AEC /* Week1PracticeUITests.swift in Sources */,
				30FEB2FD2B8323AB00C44AEC /* Week1PracticeUITestsLaunchTests.swift in Sources */,
			);
			runOnlyForDeploymentPostprocessing = 0;
		};
/* End PBXSourcesBuildPhase section */

/* Begin PBXTargetDependency section */
		30FEB2EE2B8323AB00C44AEC /* PBXTargetDependency */ = {
			isa = PBXTargetDependency;
			target = 30FEB2DB2B8323A800C44AEC /* Week1Practice */;
			targetProxy = 30FEB2ED2B8323AB00C44AEC /* PBXContainerItemProxy */;
		};
		30FEB2F82B8323AB00C44AEC /* PBXTargetDependency */ = {
			isa = PBXTargetDependency;
			target = 30FEB2DB2B8323A800C44AEC /* Week1Practice */;
			targetProxy = 30FEB2F72B8323AB00C44AEC /* PBXContainerItemProxy */;
		};
/* End PBXTargetDependency section */

/* Begin XCBuildConfiguration section */
		30FEB2FE2B8323AB00C44AEC /* Debug */ = {
			isa = XCBuildConfiguration;
			buildSettings = {
				ALWAYS_SEARCH_USER_PATHS = NO;
				ASSETCATALOG_COMPILER_GENERATE_SWIFT_ASSET_SYMBOL_EXTENSIONS = YES;
				CLANG_ANALYZER_NONNULL = YES;
				CLANG_ANALYZER_NUMBER_OBJECT_CONVERSION = YES_AGGRESSIVE;
				CLANG_CXX_LANGUAGE_STANDARD = "gnu++20";
				CLANG_ENABLE_MODULES = YES;
				CLANG_ENABLE_OBJC_ARC = YES;
				CLANG_ENABLE_OBJC_WEAK = YES;
				CLANG_WARN_BLOCK_CAPTURE_AUTORELEASING = YES;
				CLANG_WARN_BOOL_CONVERSION = YES;
				CLANG_WARN_COMMA = YES;
				CLANG_WARN_CONSTANT_CONVERSION = YES;
				CLANG_WARN_DEPRECATED_OBJC_IMPLEMENTATIONS = YES;
				CLANG_WARN_DIRECT_OBJC_ISA_USAGE = YES_ERROR;
				CLANG_WARN_DOCUMENTATION_COMMENTS = YES;
				CLANG_WARN_EMPTY_BODY = YES;
				CLANG_WARN_ENUM_CONVERSION = YES;
				CLANG_WARN_INFINITE_RECURSION = YES;
				CLANG_WARN_INT_CONVERSION = YES;
				CLANG_WARN_NON_LITERAL_NULL_CONVERSION = YES;
				CLANG_WARN_OBJC_IMPLICIT_RETAIN_SELF = YES;
				CLANG_WARN_OBJC_LITERAL_CONVERSION = YES;
				CLANG_WARN_OBJC_ROOT_CLASS = YES_ERROR;
				CLANG_WARN_QUOTED_INCLUDE_IN_FRAMEWORK_HEADER = YES;
				CLANG_WARN_RANGE_LOOP_ANALYSIS = YES;
				CLANG_WARN_STRICT_PROTOTYPES = YES;
				CLANG_WARN_SUSPICIOUS_MOVE = YES;
				CLANG_WARN_UNGUARDED_AVAILABILITY = YES_AGGRESSIVE;
				CLANG_WARN_UNREACHABLE_CODE = YES;
				CLANG_WARN__DUPLICATE_METHOD_MATCH = YES;
				COPY_PHASE_STRIP = NO;
				DEBUG_INFORMATION_FORMAT = dwarf;
				ENABLE_STRICT_OBJC_MSGSEND = YES;
				ENABLE_TESTABILITY = YES;
				ENABLE_USER_SCRIPT_SANDBOXING = YES;
				GCC_C_LANGUAGE_STANDARD = gnu17;
				GCC_DYNAMIC_NO_PIC = NO;
				GCC_NO_COMMON_BLOCKS = YES;
				GCC_OPTIMIZATION_LEVEL = 0;
				GCC_PREPROCESSOR_DEFINITIONS = (
					"DEBUG=1",
					"$(inherited)",
				);
				GCC_WARN_64_TO_32_BIT_CONVERSION = YES;
				GCC_WARN_ABOUT_RETURN_TYPE = YES_ERROR;
				GCC_WARN_UNDECLARED_SELECTOR = YES;
				GCC_WARN_UNINITIALIZED_AUTOS = YES_AGGRESSIVE;
				GCC_WARN_UNUSED_FUNCTION = YES;
				GCC_WARN_UNUSED_VARIABLE = YES;
				IPHONEOS_DEPLOYMENT_TARGET = 17.2;
				LOCALIZATION_PREFERS_STRING_CATALOGS = YES;
				MTL_ENABLE_DEBUG_INFO = INCLUDE_SOURCE;
				MTL_FAST_MATH = YES;
				ONLY_ACTIVE_ARCH = YES;
				SDKROOT = iphoneos;
				SWIFT_ACTIVE_COMPILATION_CONDITIONS = "DEBUG $(inherited)";
				SWIFT_OPTIMIZATION_LEVEL = "-Onone";
			};
			name = Debug;
		};
		30FEB2FF2B8323AB00C44AEC /* Release */ = {
			isa = XCBuildConfiguration;
			buildSettings = {
				ALWAYS_SEARCH_USER_PATHS = NO;
				ASSETCATALOG_COMPILER_GENERATE_SWIFT_ASSET_SYMBOL_EXTENSIONS = YES;
				CLANG_ANALYZER_NONNULL = YES;
				CLANG_ANALYZER_NUMBER_OBJECT_CONVERSION = YES_AGGRESSIVE;
				CLANG_CXX_LANGUAGE_STANDARD = "gnu++20";
				CLANG_ENABLE_MODULES = YES;
				CLANG_ENABLE_OBJC_ARC = YES;
				CLANG_ENABLE_OBJC_WEAK = YES;
				CLANG_WARN_BLOCK_CAPTURE_AUTORELEASING = YES;
				CLANG_WARN_BOOL_CONVERSION = YES;
				CLANG_WARN_COMMA = YES;
				CLANG_WARN_CONSTANT_CONVERSION = YES;
				CLANG_WARN_DEPRECATED_OBJC_IMPLEMENTATIONS = YES;
				CLANG_WARN_DIRECT_OBJC_ISA_USAGE = YES_ERROR;
				CLANG_WARN_DOCUMENTATION_COMMENTS = YES;
				CLANG_WARN_EMPTY_BODY = YES;
				CLANG_WARN_ENUM_CONVERSION = YES;
				CLANG_WARN_INFINITE_RECURSION = YES;
				CLANG_WARN_INT_CONVERSION = YES;
				CLANG_WARN_NON_LITERAL_NULL_CONVERSION = YES;
				CLANG_WARN_OBJC_IMPLICIT_RETAIN_SELF = YES;
				CLANG_WARN_OBJC_LITERAL_CONVERSION = YES;
				CLANG_WARN_OBJC_ROOT_CLASS = YES_ERROR;
				CLANG_WARN_QUOTED_INCLUDE_IN_FRAMEWORK_HEADER = YES;
				CLANG_WARN_RANGE_LOOP_ANALYSIS = YES;
				CLANG_WARN_STRICT_PROTOTYPES = YES;
				CLANG_WARN_SUSPICIOUS_MOVE = YES;
				CLANG_WARN_UNGUARDED_AVAILABILITY = YES_AGGRESSIVE;
				CLANG_WARN_UNREACHABLE_CODE = YES;
				CLANG_WARN__DUPLICATE_METHOD_MATCH = YES;
				COPY_PHASE_STRIP = NO;
				DEBUG_INFORMATION_FORMAT = "dwarf-with-dsym";
				ENABLE_NS_ASSERTIONS = NO;
				ENABLE_STRICT_OBJC_MSGSEND = YES;
				ENABLE_USER_SCRIPT_SANDBOXING = YES;
				GCC_C_LANGUAGE_STANDARD = gnu17;
				GCC_NO_COMMON_BLOCKS = YES;
				GCC_WARN_64_TO_32_BIT_CONVERSION = YES;
				GCC_WARN_ABOUT_RETURN_TYPE = YES_ERROR;
				GCC_WARN_UNDECLARED_SELECTOR = YES;
				GCC_WARN_UNINITIALIZED_AUTOS = YES_AGGRESSIVE;
				GCC_WARN_UNUSED_FUNCTION = YES;
				GCC_WARN_UNUSED_VARIABLE = YES;
				IPHONEOS_DEPLOYMENT_TARGET = 17.2;
				LOCALIZATION_PREFERS_STRING_CATALOGS = YES;
				MTL_ENABLE_DEBUG_INFO = NO;
				MTL_FAST_MATH = YES;
				SDKROOT = iphoneos;
				SWIFT_COMPILATION_MODE = wholemodule;
				VALIDATE_PRODUCT = YES;
			};
			name = Release;
		};
		30FEB3012B8323AB00C44AEC /* Debug */ = {
			isa = XCBuildConfiguration;
			buildSettings = {
				ASSETCATALOG_COMPILER_APPICON_NAME = AppIcon;
				ASSETCATALOG_COMPILER_GLOBAL_ACCENT_COLOR_NAME = AccentColor;
				CODE_SIGN_STYLE = Automatic;
				CURRENT_PROJECT_VERSION = 1;
				DEVELOPMENT_ASSET_PATHS = "\"Week1Practice/Preview Content\"";
				DEVELOPMENT_TEAM = WT2PU673UT;
				ENABLE_PREVIEWS = YES;
				GENERATE_INFOPLIST_FILE = YES;
				INFOPLIST_KEY_UIApplicationSceneManifest_Generation = YES;
				INFOPLIST_KEY_UIApplicationSupportsIndirectInputEvents = YES;
				INFOPLIST_KEY_UILaunchScreen_Generation = YES;
				INFOPLIST_KEY_UISupportedInterfaceOrientations_iPad = "UIInterfaceOrientationPortrait UIInterfaceOrientationPortraitUpsideDown UIInterfaceOrientationLandscapeLeft UIInterfaceOrientationLandscapeRight";
				INFOPLIST_KEY_UISupportedInterfaceOrientations_iPhone = "UIInterfaceOrientationPortrait UIInterfaceOrientationLandscapeLeft UIInterfaceOrientationLandscapeRight";
				LD_RUNPATH_SEARCH_PATHS = (
					"$(inherited)",
					"@executable_path/Frameworks",
				);
				MARKETING_VERSION = 1.0;
				PRODUCT_BUNDLE_IDENTIFIER = "Olivia-Lopes.Week1Practice";
				PRODUCT_NAME = "$(TARGET_NAME)";
				SWIFT_EMIT_LOC_STRINGS = YES;
				SWIFT_VERSION = 5.0;
				TARGETED_DEVICE_FAMILY = "1,2";
			};
			name = Debug;
		};
		30FEB3022B8323AB00C44AEC /* Release */ = {
			isa = XCBuildConfiguration;
			buildSettings = {
				ASSETCATALOG_COMPILER_APPICON_NAME = AppIcon;
				ASSETCATALOG_COMPILER_GLOBAL_ACCENT_COLOR_NAME = AccentColor;
				CODE_SIGN_STYLE = Automatic;
				CURRENT_PROJECT_VERSION = 1;
				DEVELOPMENT_ASSET_PATHS = "\"Week1Practice/Preview Content\"";
				DEVELOPMENT_TEAM = WT2PU673UT;
				ENABLE_PREVIEWS = YES;
				GENERATE_INFOPLIST_FILE = YES;
				INFOPLIST_KEY_UIApplicationSceneManifest_Generation = YES;
				INFOPLIST_KEY_UIApplicationSupportsIndirectInputEvents = YES;
				INFOPLIST_KEY_UILaunchScreen_Generation = YES;
				INFOPLIST_KEY_UISupportedInterfaceOrientations_iPad = "UIInterfaceOrientationPortrait UIInterfaceOrientationPortraitUpsideDown UIInterfaceOrientationLandscapeLeft UIInterfaceOrientationLandscapeRight";
				INFOPLIST_KEY_UISupportedInterfaceOrientations_iPhone = "UIInterfaceOrientationPortrait UIInterfaceOrientationLandscapeLeft UIInterfaceOrientationLandscapeRight";
				LD_RUNPATH_SEARCH_PATHS = (
					"$(inherited)",
					"@executable_path/Frameworks",
				);
				MARKETING_VERSION = 1.0;
				PRODUCT_BUNDLE_IDENTIFIER = "Olivia-Lopes.Week1Practice";
				PRODUCT_NAME = "$(TARGET_NAME)";
				SWIFT_EMIT_LOC_STRINGS = YES;
				SWIFT_VERSION = 5.0;
				TARGETED_DEVICE_FAMILY = "1,2";
			};
			name = Release;
		};
		30FEB3042B8323AB00C44AEC /* Debug */ = {
			isa = XCBuildConfiguration;
			buildSettings = {
				ALWAYS_EMBED_SWIFT_STANDARD_LIBRARIES = YES;
				BUNDLE_LOADER = "$(TEST_HOST)";
				CODE_SIGN_STYLE = Automatic;
				CURRENT_PROJECT_VERSION = 1;
				DEVELOPMENT_TEAM = WT2PU673UT;
				GENERATE_INFOPLIST_FILE = YES;
				IPHONEOS_DEPLOYMENT_TARGET = 17.2;
				MARKETING_VERSION = 1.0;
				PRODUCT_BUNDLE_IDENTIFIER = "Olivia-Lopes.Week1PracticeTests";
				PRODUCT_NAME = "$(TARGET_NAME)";
				SWIFT_EMIT_LOC_STRINGS = NO;
				SWIFT_VERSION = 5.0;
				TARGETED_DEVICE_FAMILY = "1,2";
				TEST_HOST = "$(BUILT_PRODUCTS_DIR)/Week1Practice.app/$(BUNDLE_EXECUTABLE_FOLDER_PATH)/Week1Practice";
			};
			name = Debug;
		};
		30FEB3052B8323AB00C44AEC /* Release */ = {
			isa = XCBuildConfiguration;
			buildSettings = {
				ALWAYS_EMBED_SWIFT_STANDARD_LIBRARIES = YES;
				BUNDLE_LOADER = "$(TEST_HOST)";
				CODE_SIGN_STYLE = Automatic;
				CURRENT_PROJECT_VERSION = 1;
				DEVELOPMENT_TEAM = WT2PU673UT;
				GENERATE_INFOPLIST_FILE = YES;
				IPHONEOS_DEPLOYMENT_TARGET = 17.2;
				MARKETING_VERSION = 1.0;
				PRODUCT_BUNDLE_IDENTIFIER = "Olivia-Lopes.Week1PracticeTests";
				PRODUCT_NAME = "$(TARGET_NAME)";
				SWIFT_EMIT_LOC_STRINGS = NO;
				SWIFT_VERSION = 5.0;
				TARGETED_DEVICE_FAMILY = "1,2";
				TEST_HOST = "$(BUILT_PRODUCTS_DIR)/Week1Practice.app/$(BUNDLE_EXECUTABLE_FOLDER_PATH)/Week1Practice";
			};
			name = Release;
		};
		30FEB3072B8323AB00C44AEC /* Debug */ = {
			isa = XCBuildConfiguration;
			buildSettings = {
				ALWAYS_EMBED_SWIFT_STANDARD_LIBRARIES = YES;
				CODE_SIGN_STYLE = Automatic;
				CURRENT_PROJECT_VERSION = 1;
				DEVELOPMENT_TEAM = WT2PU673UT;
				GENERATE_INFOPLIST_FILE = YES;
				MARKETING_VERSION = 1.0;
				PRODUCT_BUNDLE_IDENTIFIER = "Olivia-Lopes.Week1PracticeUITests";
				PRODUCT_NAME = "$(TARGET_NAME)";
				SWIFT_EMIT_LOC_STRINGS = NO;
				SWIFT_VERSION = 5.0;
				TARGETED_DEVICE_FAMILY = "1,2";
				TEST_TARGET_NAME = Week1Practice;
			};
			name = Debug;
		};
		30FEB3082B8323AB00C44AEC /* Release */ = {
			isa = XCBuildConfiguration;
			buildSettings = {
				ALWAYS_EMBED_SWIFT_STANDARD_LIBRARIES = YES;
				CODE_SIGN_STYLE = Automatic;
				CURRENT_PROJECT_VERSION = 1;
				DEVELOPMENT_TEAM = WT2PU673UT;
				GENERATE_INFOPLIST_FILE = YES;
				MARKETING_VERSION = 1.0;
				PRODUCT_BUNDLE_IDENTIFIER = "Olivia-Lopes.Week1PracticeUITests";
				PRODUCT_NAME = "$(TARGET_NAME)";
				SWIFT_EMIT_LOC_STRINGS = NO;
				SWIFT_VERSION = 5.0;
				TARGETED_DEVICE_FAMILY = "1,2";
				TEST_TARGET_NAME = Week1Practice;
			};
			name = Release;
		};
/* End XCBuildConfiguration section */

/* Begin XCConfigurationList section */
		30FEB2D72B8323A800C44AEC /* Build configuration list for PBXProject "Week1Practice" */ = {
			isa = XCConfigurationList;
			buildConfigurations = (
				30FEB2FE2B8323AB00C44AEC /* Debug */,
				30FEB2FF2B8323AB00C44AEC /* Release */,
			);
			defaultConfigurationIsVisible = 0;
			defaultConfigurationName = Release;
		};
		30FEB3002B8323AB00C44AEC /* Build configuration list for PBXNativeTarget "Week1Practice" */ = {
			isa = XCConfigurationList;
			buildConfigurations = (
				30FEB3012B8323AB00C44AEC /* Debug */,
				30FEB3022B8323AB00C44AEC /* Release */,
			);
			defaultConfigurationIsVisible = 0;
			defaultConfigurationName = Release;
		};
		30FEB3032B8323AB00C44AEC /* Build configuration list for PBXNativeTarget "Week1PracticeTests" */ = {
			isa = XCConfigurationList;
			buildConfigurations = (
				30FEB3042B8323AB00C44AEC /* Debug */,
				30FEB3052B8323AB00C44AEC /* Release */,
			);
			defaultConfigurationIsVisible = 0;
			defaultConfigurationName = Release;
		};
		30FEB3062B8323AB00C44AEC /* Build configuration list for PBXNativeTarget "Week1PracticeUITests" */ = {
			isa = XCConfigurationList;
			buildConfigurations = (
				30FEB3072B8323AB00C44AEC /* Debug */,
				30FEB3082B8323AB00C44AEC /* Release */,
			);
			defaultConfigurationIsVisible = 0;
			defaultConfigurationName = Release;
		};
/* End XCConfigurationList section */
	};
	rootObject = 30FEB2D42B8323A800C44AEC /* Project object */;
}
